numpy ==2.2.6
PyAudio ==0.2.14
websockets

gpiozero # comes default installed, mine didn't
# gpiozero needs these to run
lgpio
pigpio

# realtimetts[system] i think this was downloading cuda torch which I can't run on my Zero2W

# TTS - small but mighty, apprnly. let's try it out.
# but it doesn't work on Python 3.13. So I need a lower version.
# had trouble getting kittentts to install. it needs torch and a million other small things. they somehow keep fialing.
# the latest error is ERROR: THESE PACKAGES DO NOT MATCH THE HASHES FROM THE REQUIREMENTS FILE. and that's me dong nothing but installing this one line below as the github said...
# https://github.com/KittenML/KittenTTS/releases/download/0.8.1/kittentts-0.8.1-py3-none-any.whl
# will try this next >> https://github.com/KittenML/KittenTTS.git << pulling the repo and installing manually. It seems the issue is that it tries to install requirements_gpu instead of the default requirements. that's why it always crashes somewhere in torch-land. it might be more expressive than piper if it works. then i can check ram footprint later, after hearing audio quality.
# failed again. install successful but model crashing my pi02w. idk why. i'll just stick to piper for now.

# going to try Piper for now
piper-tts
# sounddevice if you want. I'm using pyaudio i think